// !$*UTF8*$!
{
	archiveVersion = 1;
	classes = {
	};
	objectVersion = 56;
	objects = {

/* Begin PBXBuildFile section */
		558CEB3F2B156A9F009B7EDE /* MyNFTApp.swift in Sources */ = {isa = PBXBuildFile; fileRef = 558CEB3E2B156A9F009B7EDE /* MyNFTApp.swift */; };
		558CEB412B156A9F009B7EDE /* LoginView.swift in Sources */ = {isa = PBXBuildFile; fileRef = 558CEB402B156A9F009B7EDE /* LoginView.swift */; };
		558CEB432B156AA0009B7EDE /* Assets.xcassets in Resources */ = {isa = PBXBuildFile; fileRef = 558CEB422B156AA0009B7EDE /* Assets.xcassets */; };
		558CEB462B156AA0009B7EDE /* Preview Assets.xcassets in Resources */ = {isa = PBXBuildFile; fileRef = 558CEB452B156AA0009B7EDE /* Preview Assets.xcassets */; };
		558CEB502B156F45009B7EDE /* Color+Extension.swift in Sources */ = {isa = PBXBuildFile; fileRef = 558CEB4F2B156F45009B7EDE /* Color+Extension.swift */; };
		558CEB522B15785B009B7EDE /* GoogleService-Info.plist in Resources */ = {isa = PBXBuildFile; fileRef = 558CEB512B15785B009B7EDE /* GoogleService-Info.plist */; };
		558CEB602B1578B3009B7EDE /* FirebaseAuth in Frameworks */ = {isa = PBXBuildFile; productRef = 558CEB5F2B1578B3009B7EDE /* FirebaseAuth */; };
		558CEB642B157C2A009B7EDE /* RegisterView.swift in Sources */ = {isa = PBXBuildFile; fileRef = 558CEB632B157C2A009B7EDE /* RegisterView.swift */; };
		558CEB672B157E83009B7EDE /* RegisterViewModel.swift in Sources */ = {isa = PBXBuildFile; fileRef = 558CEB662B157E83009B7EDE /* RegisterViewModel.swift */; };
		55A548412B16A9F4008ABC4C /* LoginViewModel.swift in Sources */ = {isa = PBXBuildFile; fileRef = 55A548402B16A9F4008ABC4C /* LoginViewModel.swift */; };
		55A548452B16B1DD008ABC4C /* NftTabView.swift in Sources */ = {isa = PBXBuildFile; fileRef = 55A548442B16B1DD008ABC4C /* NftTabView.swift */; };
		55A5484C2B16BC0B008ABC4C /* HomeView.swift in Sources */ = {isa = PBXBuildFile; fileRef = 55A5484B2B16BC0B008ABC4C /* HomeView.swift */; };
		55A5484F2B16BE34008ABC4C /* NftListView.swift in Sources */ = {isa = PBXBuildFile; fileRef = 55A5484E2B16BE34008ABC4C /* NftListView.swift */; };
		55A548522B16D3F9008ABC4C /* HomeViewModel.swift in Sources */ = {isa = PBXBuildFile; fileRef = 55A548512B16D3F9008ABC4C /* HomeViewModel.swift */; };
		55B887592B1825DB00DE7D84 /* NftModel.swift in Sources */ = {isa = PBXBuildFile; fileRef = 55B887582B1825DB00DE7D84 /* NftModel.swift */; };
		55B8875B2B1831F200DE7D84 /* Teste.swift in Sources */ = {isa = PBXBuildFile; fileRef = 55B8875A2B1831F200DE7D84 /* Teste.swift */; };
/* End PBXBuildFile section */

/* Begin PBXFileReference section */
		558CEB3B2B156A9F009B7EDE /* MyNFT.app */ = {isa = PBXFileReference; explicitFileType = wrapper.application; includeInIndex = 0; path = MyNFT.app; sourceTree = BUILT_PRODUCTS_DIR; };
		558CEB3E2B156A9F009B7EDE /* MyNFTApp.swift */ = {isa = PBXFileReference; lastKnownFileType = sourcecode.swift; path = MyNFTApp.swift; sourceTree = "<group>"; };
		558CEB402B156A9F009B7EDE /* LoginView.swift */ = {isa = PBXFileReference; lastKnownFileType = sourcecode.swift; path = LoginView.swift; sourceTree = "<group>"; };
		558CEB422B156AA0009B7EDE /* Assets.xcassets */ = {isa = PBXFileReference; lastKnownFileType = folder.assetcatalog; path = Assets.xcassets; sourceTree = "<group>"; };
		558CEB452B156AA0009B7EDE /* Preview Assets.xcassets */ = {isa = PBXFileReference; lastKnownFileType = folder.assetcatalog; path = "Preview Assets.xcassets"; sourceTree = "<group>"; };
		558CEB4F2B156F45009B7EDE /* Color+Extension.swift */ = {isa = PBXFileReference; lastKnownFileType = sourcecode.swift; path = "Color+Extension.swift"; sourceTree = "<group>"; };
		558CEB512B15785B009B7EDE /* GoogleService-Info.plist */ = {isa = PBXFileReference; fileEncoding = 4; lastKnownFileType = text.plist.xml; path = "GoogleService-Info.plist"; sourceTree = "<group>"; };
		558CEB632B157C2A009B7EDE /* RegisterView.swift */ = {isa = PBXFileReference; lastKnownFileType = sourcecode.swift; path = RegisterView.swift; sourceTree = "<group>"; };
		558CEB662B157E83009B7EDE /* RegisterViewModel.swift */ = {isa = PBXFileReference; lastKnownFileType = sourcecode.swift; path = RegisterViewModel.swift; sourceTree = "<group>"; };
		55A548402B16A9F4008ABC4C /* LoginViewModel.swift */ = {isa = PBXFileReference; lastKnownFileType = sourcecode.swift; path = LoginViewModel.swift; sourceTree = "<group>"; };
		55A548442B16B1DD008ABC4C /* NftTabView.swift */ = {isa = PBXFileReference; lastKnownFileType = sourcecode.swift; path = NftTabView.swift; sourceTree = "<group>"; };
		55A5484B2B16BC0B008ABC4C /* HomeView.swift */ = {isa = PBXFileReference; lastKnownFileType = sourcecode.swift; path = HomeView.swift; sourceTree = "<group>"; };
		55A5484E2B16BE34008ABC4C /* NftListView.swift */ = {isa = PBXFileReference; lastKnownFileType = sourcecode.swift; path = NftListView.swift; sourceTree = "<group>"; };
		55A548512B16D3F9008ABC4C /* HomeViewModel.swift */ = {isa = PBXFileReference; lastKnownFileType = sourcecode.swift; path = HomeViewModel.swift; sourceTree = "<group>"; };
		55B887582B1825DB00DE7D84 /* NftModel.swift */ = {isa = PBXFileReference; lastKnownFileType = sourcecode.swift; path = NftModel.swift; sourceTree = "<group>"; };
		55B8875A2B1831F200DE7D84 /* Teste.swift */ = {isa = PBXFileReference; lastKnownFileType = sourcecode.swift; path = Teste.swift; sourceTree = "<group>"; };
/* End PBXFileReference section */

/* Begin PBXFrameworksBuildPhase section */
		558CEB382B156A9F009B7EDE /* Frameworks */ = {
			isa = PBXFrameworksBuildPhase;
			buildActionMask = 2147483647;
			files = (
				558CEB602B1578B3009B7EDE /* FirebaseAuth in Frameworks */,
			);
			runOnlyForDeploymentPostprocessing = 0;
		};
/* End PBXFrameworksBuildPhase section */

/* Begin PBXGroup section */
		558CEB322B156A9F009B7EDE = {
			isa = PBXGroup;
			children = (
				558CEB3D2B156A9F009B7EDE /* MyNFT */,
				558CEB3C2B156A9F009B7EDE /* Products */,
				558CEB5E2B1578B3009B7EDE /* Frameworks */,
			);
			sourceTree = "<group>";
		};
		558CEB3C2B156A9F009B7EDE /* Products */ = {
			isa = PBXGroup;
			children = (
				558CEB3B2B156A9F009B7EDE /* MyNFT.app */,
			);
			name = Products;
			sourceTree = "<group>";
		};
		558CEB3D2B156A9F009B7EDE /* MyNFT */ = {
			isa = PBXGroup;
			children = (
				55B887572B1825CB00DE7D84 /* Model */,
				558CEB4E2B156EF9009B7EDE /* Extensions */,
				55A548472B16BBC7008ABC4C /* NftList */,
				55A548462B16BBA6008ABC4C /* Home */,
				55A548422B16B1C3008ABC4C /* NftTabView */,
				558CEB612B157B98009B7EDE /* Register */,
				558CEB4C2B156BDA009B7EDE /* Login */,
				558CEB3E2B156A9F009B7EDE /* MyNFTApp.swift */,
				558CEB422B156AA0009B7EDE /* Assets.xcassets */,
				558CEB512B15785B009B7EDE /* GoogleService-Info.plist */,
				558CEB442B156AA0009B7EDE /* Preview Content */,
			);
			path = MyNFT;
			sourceTree = "<group>";
		};
		558CEB442B156AA0009B7EDE /* Preview Content */ = {
			isa = PBXGroup;
			children = (
				558CEB452B156AA0009B7EDE /* Preview Assets.xcassets */,
			);
			path = "Preview Content";
			sourceTree = "<group>";
		};
		558CEB4C2B156BDA009B7EDE /* Login */ = {
			isa = PBXGroup;
			children = (
				55A5483F2B16A9E6008ABC4C /* ViewModel */,
				558CEB4D2B156BE0009B7EDE /* View */,
			);
			path = Login;
			sourceTree = "<group>";
		};
		558CEB4D2B156BE0009B7EDE /* View */ = {
			isa = PBXGroup;
			children = (
				558CEB402B156A9F009B7EDE /* LoginView.swift */,
			);
			path = View;
			sourceTree = "<group>";
		};
		558CEB4E2B156EF9009B7EDE /* Extensions */ = {
			isa = PBXGroup;
			children = (
				558CEB4F2B156F45009B7EDE /* Color+Extension.swift */,
				55B8875A2B1831F200DE7D84 /* Teste.swift */,
			);
			path = Extensions;
			sourceTree = "<group>";
		};
		558CEB5E2B1578B3009B7EDE /* Frameworks */ = {
			isa = PBXGroup;
			children = (
			);
			name = Frameworks;
			sourceTree = "<group>";
		};
		558CEB612B157B98009B7EDE /* Register */ = {
			isa = PBXGroup;
			children = (
				558CEB652B157E74009B7EDE /* ViewModel */,
				558CEB622B157C1B009B7EDE /* View */,
			);
			path = Register;
			sourceTree = "<group>";
		};
		558CEB622B157C1B009B7EDE /* View */ = {
			isa = PBXGroup;
			children = (
				558CEB632B157C2A009B7EDE /* RegisterView.swift */,
			);
			path = View;
			sourceTree = "<group>";
		};
		558CEB652B157E74009B7EDE /* ViewModel */ = {
			isa = PBXGroup;
			children = (
				558CEB662B157E83009B7EDE /* RegisterViewModel.swift */,
			);
			path = ViewModel;
			sourceTree = "<group>";
		};
		55A5483F2B16A9E6008ABC4C /* ViewModel */ = {
			isa = PBXGroup;
			children = (
				55A548402B16A9F4008ABC4C /* LoginViewModel.swift */,
			);
			path = ViewModel;
			sourceTree = "<group>";
		};
		55A548422B16B1C3008ABC4C /* NftTabView */ = {
			isa = PBXGroup;
			children = (
				55A548432B16B1D2008ABC4C /* View */,
			);
			path = NftTabView;
			sourceTree = "<group>";
		};
		55A548432B16B1D2008ABC4C /* View */ = {
			isa = PBXGroup;
			children = (
				55A548442B16B1DD008ABC4C /* NftTabView.swift */,
			);
			path = View;
			sourceTree = "<group>";
		};
		55A548462B16BBA6008ABC4C /* Home */ = {
			isa = PBXGroup;
			children = (
				55A548502B16D3EA008ABC4C /* ViewModel */,
				55A5484A2B16BC00008ABC4C /* View */,
			);
			path = Home;
			sourceTree = "<group>";
		};
		55A548472B16BBC7008ABC4C /* NftList */ = {
			isa = PBXGroup;
			children = (
				55A5484D2B16BC25008ABC4C /* View */,
			);
			path = NftList;
			sourceTree = "<group>";
		};
		55A5484A2B16BC00008ABC4C /* View */ = {
			isa = PBXGroup;
			children = (
				55A5484B2B16BC0B008ABC4C /* HomeView.swift */,
			);
			path = View;
			sourceTree = "<group>";
		};
		55A5484D2B16BC25008ABC4C /* View */ = {
			isa = PBXGroup;
			children = (
				55A5484E2B16BE34008ABC4C /* NftListView.swift */,
			);
			path = View;
			sourceTree = "<group>";
		};
		55A548502B16D3EA008ABC4C /* ViewModel */ = {
			isa = PBXGroup;
			children = (
				55A548512B16D3F9008ABC4C /* HomeViewModel.swift */,
			);
			path = ViewModel;
			sourceTree = "<group>";
		};
		55B887572B1825CB00DE7D84 /* Model */ = {
			isa = PBXGroup;
			children = (
				55B887582B1825DB00DE7D84 /* NftModel.swift */,
			);
			path = Model;
			sourceTree = "<group>";
		};
/* End PBXGroup section */

/* Begin PBXNativeTarget section */
		558CEB3A2B156A9F009B7EDE /* MyNFT */ = {
			isa = PBXNativeTarget;
			buildConfigurationList = 558CEB492B156AA0009B7EDE /* Build configuration list for PBXNativeTarget "MyNFT" */;
			buildPhases = (
				558CEB372B156A9F009B7EDE /* Sources */,
				558CEB382B156A9F009B7EDE /* Frameworks */,
				558CEB392B156A9F009B7EDE /* Resources */,
			);
			buildRules = (
			);
			dependencies = (
			);
			name = MyNFT;
			packageProductDependencies = (
				558CEB5F2B1578B3009B7EDE /* FirebaseAuth */,
			);
			productName = MyNFT;
			productReference = 558CEB3B2B156A9F009B7EDE /* MyNFT.app */;
			productType = "com.apple.product-type.application";
		};
/* End PBXNativeTarget section */

/* Begin PBXProject section */
		558CEB332B156A9F009B7EDE /* Project object */ = {
			isa = PBXProject;
			attributes = {
				BuildIndependentTargetsInParallel = 1;
				LastSwiftUpdateCheck = 1500;
				LastUpgradeCheck = 1500;
				TargetAttributes = {
					558CEB3A2B156A9F009B7EDE = {
						CreatedOnToolsVersion = 15.0.1;
					};
				};
			};
			buildConfigurationList = 558CEB362B156A9F009B7EDE /* Build configuration list for PBXProject "MyNFT" */;
			compatibilityVersion = "Xcode 14.0";
			developmentRegion = en;
			hasScannedForEncodings = 0;
			knownRegions = (
				en,
				Base,
			);
			mainGroup = 558CEB322B156A9F009B7EDE;
			packageReferences = (
				558CEB532B15789F009B7EDE /* XCRemoteSwiftPackageReference "firebase-ios-sdk" */,
			);
			productRefGroup = 558CEB3C2B156A9F009B7EDE /* Products */;
			projectDirPath = "";
			projectRoot = "";
			targets = (
				558CEB3A2B156A9F009B7EDE /* MyNFT */,
			);
		};
/* End PBXProject section */

/* Begin PBXResourcesBuildPhase section */
		558CEB392B156A9F009B7EDE /* Resources */ = {
			isa = PBXResourcesBuildPhase;
			buildActionMask = 2147483647;
			files = (
				558CEB462B156AA0009B7EDE /* Preview Assets.xcassets in Resources */,
				558CEB432B156AA0009B7EDE /* Assets.xcassets in Resources */,
				558CEB522B15785B009B7EDE /* GoogleService-Info.plist in Resources */,
			);
			runOnlyForDeploymentPostprocessing = 0;
		};
/* End PBXResourcesBuildPhase section */

/* Begin PBXSourcesBuildPhase section */
		558CEB372B156A9F009B7EDE /* Sources */ = {
			isa = PBXSourcesBuildPhase;
			buildActionMask = 2147483647;
			files = (
				558CEB412B156A9F009B7EDE /* LoginView.swift in Sources */,
				558CEB672B157E83009B7EDE /* RegisterViewModel.swift in Sources */,
				55A5484F2B16BE34008ABC4C /* NftListView.swift in Sources */,
				55A548522B16D3F9008ABC4C /* HomeViewModel.swift in Sources */,
				55A548412B16A9F4008ABC4C /* LoginViewModel.swift in Sources */,
				558CEB642B157C2A009B7EDE /* RegisterView.swift in Sources */,
				55B887592B1825DB00DE7D84 /* NftModel.swift in Sources */,
				55A548452B16B1DD008ABC4C /* NftTabView.swift in Sources */,
				55A5484C2B16BC0B008ABC4C /* HomeView.swift in Sources */,
				558CEB502B156F45009B7EDE /* Color+Extension.swift in Sources */,
				558CEB3F2B156A9F009B7EDE /* MyNFTApp.swift in Sources */,
				55B8875B2B1831F200DE7D84 /* Teste.swift in Sources */,
			);
			runOnlyForDeploymentPostprocessing = 0;
		};
/* End PBXSourcesBuildPhase section */

/* Begin XCBuildConfiguration section */
		558CEB472B156AA0009B7EDE /* Debug */ = {
			isa = XCBuildConfiguration;
			buildSettings = {
				ALWAYS_SEARCH_USER_PATHS = NO;
				ASSETCATALOG_COMPILER_GENERATE_SWIFT_ASSET_SYMBOL_EXTENSIONS = YES;
				CLANG_ANALYZER_NONNULL = YES;
				CLANG_ANALYZER_NUMBER_OBJECT_CONVERSION = YES_AGGRESSIVE;
				CLANG_CXX_LANGUAGE_STANDARD = "gnu++20";
				CLANG_ENABLE_MODULES = YES;
				CLANG_ENABLE_OBJC_ARC = YES;
				CLANG_ENABLE_OBJC_WEAK = YES;
				CLANG_WARN_BLOCK_CAPTURE_AUTORELEASING = YES;
				CLANG_WARN_BOOL_CONVERSION = YES;
				CLANG_WARN_COMMA = YES;
				CLANG_WARN_CONSTANT_CONVERSION = YES;
				CLANG_WARN_DEPRECATED_OBJC_IMPLEMENTATIONS = YES;
				CLANG_WARN_DIRECT_OBJC_ISA_USAGE = YES_ERROR;
				CLANG_WARN_DOCUMENTATION_COMMENTS = YES;
				CLANG_WARN_EMPTY_BODY = YES;
				CLANG_WARN_ENUM_CONVERSION = YES;
				CLANG_WARN_INFINITE_RECURSION = YES;
				CLANG_WARN_INT_CONVERSION = YES;
				CLANG_WARN_NON_LITERAL_NULL_CONVERSION = YES;
				CLANG_WARN_OBJC_IMPLICIT_RETAIN_SELF = YES;
				CLANG_WARN_OBJC_LITERAL_CONVERSION = YES;
				CLANG_WARN_OBJC_ROOT_CLASS = YES_ERROR;
				CLANG_WARN_QUOTED_INCLUDE_IN_FRAMEWORK_HEADER = YES;
				CLANG_WARN_RANGE_LOOP_ANALYSIS = YES;
				CLANG_WARN_STRICT_PROTOTYPES = YES;
				CLANG_WARN_SUSPICIOUS_MOVE = YES;
				CLANG_WARN_UNGUARDED_AVAILABILITY = YES_AGGRESSIVE;
				CLANG_WARN_UNREACHABLE_CODE = YES;
				CLANG_WARN__DUPLICATE_METHOD_MATCH = YES;
				COPY_PHASE_STRIP = NO;
				DEBUG_INFORMATION_FORMAT = dwarf;
				ENABLE_STRICT_OBJC_MSGSEND = YES;
				ENABLE_TESTABILITY = YES;
				ENABLE_USER_SCRIPT_SANDBOXING = YES;
				GCC_C_LANGUAGE_STANDARD = gnu17;
				GCC_DYNAMIC_NO_PIC = NO;
				GCC_NO_COMMON_BLOCKS = YES;
				GCC_OPTIMIZATION_LEVEL = 0;
				GCC_PREPROCESSOR_DEFINITIONS = (
					"DEBUG=1",
					"$(inherited)",
				);
				GCC_WARN_64_TO_32_BIT_CONVERSION = YES;
				GCC_WARN_ABOUT_RETURN_TYPE = YES_ERROR;
				GCC_WARN_UNDECLARED_SELECTOR = YES;
				GCC_WARN_UNINITIALIZED_AUTOS = YES_AGGRESSIVE;
				GCC_WARN_UNUSED_FUNCTION = YES;
				GCC_WARN_UNUSED_VARIABLE = YES;
				IPHONEOS_DEPLOYMENT_TARGET = 17.0;
				LOCALIZATION_PREFERS_STRING_CATALOGS = YES;
				MTL_ENABLE_DEBUG_INFO = INCLUDE_SOURCE;
				MTL_FAST_MATH = YES;
				ONLY_ACTIVE_ARCH = YES;
				SDKROOT = iphoneos;
				SWIFT_ACTIVE_COMPILATION_CONDITIONS = "DEBUG $(inherited)";
				SWIFT_OPTIMIZATION_LEVEL = "-Onone";
			};
			name = Debug;
		};
		558CEB482B156AA0009B7EDE /* Release */ = {
			isa = XCBuildConfiguration;
			buildSettings = {
				ALWAYS_SEARCH_USER_PATHS = NO;
				ASSETCATALOG_COMPILER_GENERATE_SWIFT_ASSET_SYMBOL_EXTENSIONS = YES;
				CLANG_ANALYZER_NONNULL = YES;
				CLANG_ANALYZER_NUMBER_OBJECT_CONVERSION = YES_AGGRESSIVE;
				CLANG_CXX_LANGUAGE_STANDARD = "gnu++20";
				CLANG_ENABLE_MODULES = YES;
				CLANG_ENABLE_OBJC_ARC = YES;
				CLANG_ENABLE_OBJC_WEAK = YES;
				CLANG_WARN_BLOCK_CAPTURE_AUTORELEASING = YES;
				CLANG_WARN_BOOL_CONVERSION = YES;
				CLANG_WARN_COMMA = YES;
				CLANG_WARN_CONSTANT_CONVERSION = YES;
				CLANG_WARN_DEPRECATED_OBJC_IMPLEMENTATIONS = YES;
				CLANG_WARN_DIRECT_OBJC_ISA_USAGE = YES_ERROR;
				CLANG_WARN_DOCUMENTATION_COMMENTS = YES;
				CLANG_WARN_EMPTY_BODY = YES;
				CLANG_WARN_ENUM_CONVERSION = YES;
				CLANG_WARN_INFINITE_RECURSION = YES;
				CLANG_WARN_INT_CONVERSION = YES;
				CLANG_WARN_NON_LITERAL_NULL_CONVERSION = YES;
				CLANG_WARN_OBJC_IMPLICIT_RETAIN_SELF = YES;
				CLANG_WARN_OBJC_LITERAL_CONVERSION = YES;
				CLANG_WARN_OBJC_ROOT_CLASS = YES_ERROR;
				CLANG_WARN_QUOTED_INCLUDE_IN_FRAMEWORK_HEADER = YES;
				CLANG_WARN_RANGE_LOOP_ANALYSIS = YES;
				CLANG_WARN_STRICT_PROTOTYPES = YES;
				CLANG_WARN_SUSPICIOUS_MOVE = YES;
				CLANG_WARN_UNGUARDED_AVAILABILITY = YES_AGGRESSIVE;
				CLANG_WARN_UNREACHABLE_CODE = YES;
				CLANG_WARN__DUPLICATE_METHOD_MATCH = YES;
				COPY_PHASE_STRIP = NO;
				DEBUG_INFORMATION_FORMAT = "dwarf-with-dsym";
				ENABLE_NS_ASSERTIONS = NO;
				ENABLE_STRICT_OBJC_MSGSEND = YES;
				ENABLE_USER_SCRIPT_SANDBOXING = YES;
				GCC_C_LANGUAGE_STANDARD = gnu17;
				GCC_NO_COMMON_BLOCKS = YES;
				GCC_WARN_64_TO_32_BIT_CONVERSION = YES;
				GCC_WARN_ABOUT_RETURN_TYPE = YES_ERROR;
				GCC_WARN_UNDECLARED_SELECTOR = YES;
				GCC_WARN_UNINITIALIZED_AUTOS = YES_AGGRESSIVE;
				GCC_WARN_UNUSED_FUNCTION = YES;
				GCC_WARN_UNUSED_VARIABLE = YES;
				IPHONEOS_DEPLOYMENT_TARGET = 17.0;
				LOCALIZATION_PREFERS_STRING_CATALOGS = YES;
				MTL_ENABLE_DEBUG_INFO = NO;
				MTL_FAST_MATH = YES;
				SDKROOT = iphoneos;
				SWIFT_COMPILATION_MODE = wholemodule;
				VALIDATE_PRODUCT = YES;
			};
			name = Release;
		};
		558CEB4A2B156AA0009B7EDE /* Debug */ = {
			isa = XCBuildConfiguration;
			buildSettings = {
				ASSETCATALOG_COMPILER_APPICON_NAME = AppIcon;
				ASSETCATALOG_COMPILER_GLOBAL_ACCENT_COLOR_NAME = AccentColor;
				CODE_SIGN_STYLE = Automatic;
				CURRENT_PROJECT_VERSION = 1;
				DEVELOPMENT_ASSET_PATHS = "\"MyNFT/Preview Content\"";
				DEVELOPMENT_TEAM = VM23EZY4K2;
				ENABLE_PREVIEWS = YES;
				GENERATE_INFOPLIST_FILE = YES;
				INFOPLIST_KEY_UIApplicationSceneManifest_Generation = YES;
				INFOPLIST_KEY_UIApplicationSupportsIndirectInputEvents = YES;
				INFOPLIST_KEY_UILaunchScreen_Generation = YES;
				INFOPLIST_KEY_UISupportedInterfaceOrientations_iPad = "UIInterfaceOrientationPortrait UIInterfaceOrientationPortraitUpsideDown UIInterfaceOrientationLandscapeLeft UIInterfaceOrientationLandscapeRight";
				INFOPLIST_KEY_UISupportedInterfaceOrientations_iPhone = "UIInterfaceOrientationPortrait UIInterfaceOrientationLandscapeLeft UIInterfaceOrientationLandscapeRight";
				LD_RUNPATH_SEARCH_PATHS = (
					"$(inherited)",
					"@executable_path/Frameworks",
				);
				MARKETING_VERSION = 1.0;
				PRODUCT_BUNDLE_IDENTIFIER = lgomeszx.MyNFT;
				PRODUCT_NAME = "$(TARGET_NAME)";
				SWIFT_EMIT_LOC_STRINGS = YES;
				SWIFT_VERSION = 5.0;
				TARGETED_DEVICE_FAMILY = "1,2";
			};
			name = Debug;
		};
		558CEB4B2B156AA0009B7EDE /* Release */ = {
			isa = XCBuildConfiguration;
			buildSettings = {
				ASSETCATALOG_COMPILER_APPICON_NAME = AppIcon;
				ASSETCATALOG_COMPILER_GLOBAL_ACCENT_COLOR_NAME = AccentColor;
				CODE_SIGN_STYLE = Automatic;
				CURRENT_PROJECT_VERSION = 1;
				DEVELOPMENT_ASSET_PATHS = "\"MyNFT/Preview Content\"";
				DEVELOPMENT_TEAM = VM23EZY4K2;
				ENABLE_PREVIEWS = YES;
				GENERATE_INFOPLIST_FILE = YES;
				INFOPLIST_KEY_UIApplicationSceneManifest_Generation = YES;
				INFOPLIST_KEY_UIApplicationSupportsIndirectInputEvents = YES;
				INFOPLIST_KEY_UILaunchScreen_Generation = YES;
				INFOPLIST_KEY_UISupportedInterfaceOrientations_iPad = "UIInterfaceOrientationPortrait UIInterfaceOrientationPortraitUpsideDown UIInterfaceOrientationLandscapeLeft UIInterfaceOrientationLandscapeRight";
				INFOPLIST_KEY_UISupportedInterfaceOrientations_iPhone = "UIInterfaceOrientationPortrait UIInterfaceOrientationLandscapeLeft UIInterfaceOrientationLandscapeRight";
				LD_RUNPATH_SEARCH_PATHS = (
					"$(inherited)",
					"@executable_path/Frameworks",
				);
				MARKETING_VERSION = 1.0;
				PRODUCT_BUNDLE_IDENTIFIER = lgomeszx.MyNFT;
				PRODUCT_NAME = "$(TARGET_NAME)";
				SWIFT_EMIT_LOC_STRINGS = YES;
				SWIFT_VERSION = 5.0;
				TARGETED_DEVICE_FAMILY = "1,2";
			};
			name = Release;
		};
/* End XCBuildConfiguration section */

/* Begin XCConfigurationList section */
		558CEB362B156A9F009B7EDE /* Build configuration list for PBXProject "MyNFT" */ = {
			isa = XCConfigurationList;
			buildConfigurations = (
				558CEB472B156AA0009B7EDE /* Debug */,
				558CEB482B156AA0009B7EDE /* Release */,
			);
			defaultConfigurationIsVisible = 0;
			defaultConfigurationName = Release;
		};
		558CEB492B156AA0009B7EDE /* Build configuration list for PBXNativeTarget "MyNFT" */ = {
			isa = XCConfigurationList;
			buildConfigurations = (
				558CEB4A2B156AA0009B7EDE /* Debug */,
				558CEB4B2B156AA0009B7EDE /* Release */,
			);
			defaultConfigurationIsVisible = 0;
			defaultConfigurationName = Release;
		};
/* End XCConfigurationList section */

/* Begin XCRemoteSwiftPackageReference section */
		558CEB532B15789F009B7EDE /* XCRemoteSwiftPackageReference "firebase-ios-sdk" */ = {
			isa = XCRemoteSwiftPackageReference;
			repositoryURL = "https://github.com/firebase/firebase-ios-sdk";
			requirement = {
				kind = upToNextMajorVersion;
				minimumVersion = 10.18.0;
			};
		};
/* End XCRemoteSwiftPackageReference section */

/* Begin XCSwiftPackageProductDependency section */
		558CEB5F2B1578B3009B7EDE /* FirebaseAuth */ = {
			isa = XCSwiftPackageProductDependency;
			package = 558CEB532B15789F009B7EDE /* XCRemoteSwiftPackageReference "firebase-ios-sdk" */;
			productName = FirebaseAuth;
		};
/* End XCSwiftPackageProductDependency section */
	};
	rootObject = 558CEB332B156A9F009B7EDE /* Project object */;
}
